{
  "name": "root",
  "lockfileVersion": 3,
  "requires": true,
  "packages": {
    "": {
      "name": "root",
      "hasInstallScript": true,
      "license": "MIT",
      "workspaces": [
        "packages/*"
      ],
      "devDependencies": {
        "@types/node": "^25.8.0",
        "expect": "^30.4.1",
        "typescript": "^6.0.3"
      },
      "engines": {
        "node": ">= 20.0.0"
      }
    },
    "node_modules/@babel/code-frame": {
      "version": "7.29.0",
      "resolved": "https://registry.npmjs.org/@babel/code-frame/-/code-frame-7.29.0.tgz",
      "integrity": "sha512-9NhCeYjq9+3uxgdtp20LSiJXJvN0FeCtNGpJxuMFZ1Kv3cWUNb6DOhJwUvcVCzKGR66cw4njwM6hrJLqgOwbcw==",
      "dev": true,
      "license": "MIT",
      "dependencies": {
        "@babel/helper-validator-identifier": "^7.28.5",
        "js-tokens": "^4.0.0",
        "picocolors": "^1.1.1"
      },
      "engines": {
        "node": ">=6.9.0"
      }
    },
    "node_modules/@babel/helper-validator-identifier": {
      "version": "7.28.5",
      "resolved": "https://registry.npmjs.org/@babel/helper-validator-identifier/-/helper-validator-identifier-7.28.5.tgz",
      "integrity": "sha512-qSs4ifwzKJSV39ucNjsvc6WVHs6b7S03sOh2OcHF9UHfVPqWWALUsNUVzhSBiItjRZoLHx7nIarVjqKVusUZ1Q==",
      "dev": true,
      "license": "MIT",
      "engines": {
        "node": ">=6.9.0"
      }
    },
    "node_modules/@deepkit/bench": {
      "resolved": "packages/bench",
      "link": true
    },
    "node_modules/@deepkit/core": {
      "resolved": "packages/core",
      "link": true
    },
    "node_modules/@deepkit/type": {
      "resolved": "packages/type",
      "link": true
    },
    "node_modules/@deepkit/type-compiler": {
      "resolved": "packages/type-compiler",
      "link": true
    },
    "node_modules/@deepkit/type-spec": {
      "resolved": "packages/type-spec",
      "link": true
    },
    "node_modules/@jest/diff-sequences": {
      "version": "30.4.0",
      "resolved": "https://registry.npmjs.org/@jest/diff-sequences/-/diff-sequences-30.4.0.tgz",
      "integrity": "sha512-zOpzlfUs45l6u7jm39qr87JCHUDsaeCtvL+kQe/Vn9jSnRB4/5IPXISm0h9I1vZW/o00Kn4UTJ2MOlhnUGwv3g==",
      "dev": true,
      "license": "MIT",
      "engines": {
        "node": "^18.14.0 || ^20.0.0 || ^22.0.0 || >=24.0.0"
      }
    },
    "node_modules/@jest/expect-utils": {
      "version": "30.4.1",
      "resolved": "https://registry.npmjs.org/@jest/expect-utils/-/expect-utils-30.4.1.tgz",
      "integrity": "sha512-ZBn5CglH8fBsQsvs4VWNzD4aWfUYks+IdOOQU3MEK71ol/BcVm+P+rtb1KpiFBpSWSCE27uOahyyf1vfqOVbcQ==",
      "dev": true,
      "license": "MIT",
      "dependencies": {
        "@jest/get-type": "30.1.0"
      },
      "engines": {
        "node": "^18.14.0 || ^20.0.0 || ^22.0.0 || >=24.0.0"
      }
    },
    "node_modules/@jest/get-type": {
      "version": "30.1.0",
      "resolved": "https://registry.npmjs.org/@jest/get-type/-/get-type-30.1.0.tgz",
      "integrity": "sha512-eMbZE2hUnx1WV0pmURZY9XoXPkUYjpc55mb0CrhtdWLtzMQPFvu/rZkTLZFTsdaVQa+Tr4eWAteqcUzoawq/uA==",
      "dev": true,
      "license": "MIT",
      "engines": {
        "node": "^18.14.0 || ^20.0.0 || ^22.0.0 || >=24.0.0"
      }
    },
    "node_modules/@jest/pattern": {
      "version": "30.4.0",
      "resolved": "https://registry.npmjs.org/@jest/pattern/-/pattern-30.4.0.tgz",
      "integrity": "sha512-RAWn3+f9u8BsHijKJ71uHcFp6vmyEt6VvoWXkl6hKF3qVIuWNmudVjg12DlBPGup/frIl5UcUlH5HfEuvHpEXg==",
      "dev": true,
      "license": "MIT",
      "dependencies": {
        "@types/node": "*",
        "jest-regex-util": "30.4.0"
      },
      "engines": {
        "node": "^18.14.0 || ^20.0.0 || ^22.0.0 || >=24.0.0"
      }
    },
    "node_modules/@jest/schemas": {
      "version": "30.4.1",
      "resolved": "https://registry.npmjs.org/@jest/schemas/-/schemas-30.4.1.tgz",
      "integrity": "sha512-i6b4qw5qnP8c5FEeBJg/uZQ4ddrkN6Ca8qISJh0pr7a5hfn3h3v5x60BEbOC7OYAGZNMs1LfFLwnW2CuK8F57Q==",
      "dev": true,
      "license": "MIT",
      "dependencies": {
        "@sinclair/typebox": "^0.34.0"
      },
      "engines": {
        "node": "^18.14.0 || ^20.0.0 || ^22.0.0 || >=24.0.0"
      }
    },
    "node_modules/@jest/types": {
      "version": "30.4.1",
      "resolved": "https://registry.npmjs.org/@jest/types/-/types-30.4.1.tgz",
      "integrity": "sha512-f1x/vJXIfjOlEmejYpbkbgw1gOqpPECwMvMEtBqe47j7H2Hg8h8w3o3ikhSXq3MI15kg+oQ0exWO0uCtTNJLoQ==",
      "dev": true,
      "license": "MIT",
      "dependencies": {
        "@jest/pattern": "30.4.0",
        "@jest/schemas": "30.4.1",
        "@types/istanbul-lib-coverage": "^2.0.6",
        "@types/istanbul-reports": "^3.0.4",
        "@types/node": "*",
        "@types/yargs": "^17.0.33",
        "chalk": "^4.1.2"
      },
      "engines": {
        "node": "^18.14.0 || ^20.0.0 || ^22.0.0 || >=24.0.0"
      }
    },
    "node_modules/@marcj/ts-clone-node": {
      "version": "2.2.0",
      "resolved": "https://registry.npmjs.org/@marcj/ts-clone-node/-/ts-clone-node-2.2.0.tgz",
      "integrity": "sha512-72i531GZWaiHDvNZr0Fz+uiZMMyWzQqJxbhxD5g2dpU3eqEBk6p6mcDNBcOdiNhngAJ5Ebqv2krrs7MwuFg9rw==",
      "license": "MIT",
      "dependencies": {
        "compatfactory": "^2.0.9"
      },
      "engines": {
        "node": ">=14.9.0"
      },
      "funding": {
        "type": "github",
        "url": "https://github.com/wessberg/ts-clone-node?sponsor=1"
      }
    },
    "node_modules/@rollup/pluginutils": {
      "version": "5.3.0",
      "resolved": "https://registry.npmjs.org/@rollup/pluginutils/-/pluginutils-5.3.0.tgz",
      "integrity": "sha512-5EdhGZtnu3V88ces7s53hhfK5KSASnJZv8Lulpc04cWO3REESroJXg73DFsOmgbU2BhwV0E20bu2IDZb3VKW4Q==",
      "license": "MIT",
      "dependencies": {
        "@types/estree": "^1.0.0",
        "estree-walker": "^2.0.2",
        "picomatch": "^4.0.2"
      },
      "engines": {
        "node": ">=14.0.0"
      },
      "peerDependencies": {
        "rollup": "^1.20.0||^2.0.0||^3.0.0||^4.0.0"
      },
      "peerDependenciesMeta": {
        "rollup": {
          "optional": true
        }
      }
    },
    "node_modules/@sinclair/typebox": {
      "version": "0.34.49",
      "resolved": "https://registry.npmjs.org/@sinclair/typebox/-/typebox-0.34.49.tgz",
      "integrity": "sha512-brySQQs7Jtn0joV8Xh9ZV/hZb9Ozb0pmazDIASBkYKCjXrXU3mpcFahmK/z4YDhGkQvP9mWJbVyahdtU5wQA+A==",
      "dev": true,
      "license": "MIT"
    },
    "node_modules/@types/braces": {
      "version": "3.0.5",
      "resolved": "https://registry.npmjs.org/@types/braces/-/braces-3.0.5.tgz",
      "integrity": "sha512-SQFof9H+LXeWNz8wDe7oN5zu7ket0qwMu5vZubW4GCJ8Kkeh6nBWUz87+KTz/G3Kqsrp0j/W253XJb3KMEeg3w==",
      "dev": true,
      "license": "MIT"
    },
    "node_modules/@types/dot-prop": {
      "version": "5.0.4",
      "resolved": "https://registry.npmjs.org/@types/dot-prop/-/dot-prop-5.0.4.tgz",
      "integrity": "sha512-Um7w3COx2+1GcZlXm7qQOOhT1HNBDoqOsH5WtOMs3FhY3iWq0E0wvYb4eofNv4q0hgfTyTeGtgL7gQfClSQI4g==",
      "deprecated": "This is a stub types definition. dot-prop provides its own type definitions, so you do not need this installed.",
      "dev": true,
      "license": "MIT",
      "dependencies": {
        "dot-prop": "*"
      }
    },
    "node_modules/@types/estree": {
      "version": "1.0.9",
      "resolved": "https://registry.npmjs.org/@types/estree/-/estree-1.0.9.tgz",
      "integrity": "sha512-GhdPgy1el4/ImP05X05Uw4cw2/M93BCUmnEvWZNStlCzEKME4Fkk+YpoA5OiHNQmoS7Cafb8Xa3Pya8m1Qrzeg==",
      "license": "MIT"
    },
    "node_modules/@types/istanbul-lib-coverage": {
      "version": "2.0.6",
      "resolved": "https://registry.npmjs.org/@types/istanbul-lib-coverage/-/istanbul-lib-coverage-2.0.6.tgz",
      "integrity": "sha512-2QF/t/auWm0lsy8XtKVPG19v3sSOQlJe/YHZgfjb/KBBHOGSV+J2q/S671rcq9uTBrLAXmZpqJiaQbMT+zNU1w==",
      "dev": true,
      "license": "MIT"
    },
    "node_modules/@types/istanbul-lib-report": {
      "version": "3.0.3",
      "resolved": "https://registry.npmjs.org/@types/istanbul-lib-report/-/istanbul-lib-report-3.0.3.tgz",
      "integrity": "sha512-NQn7AHQnk/RSLOxrBbGyJM/aVQ+pjj5HCgasFxc0K/KhoATfQ/47AyUl15I2yBUpihjmas+a+VJBOqecrFH+uA==",
      "dev": true,
      "license": "MIT",
      "dependencies": {
        "@types/istanbul-lib-coverage": "*"
      }
    },
    "node_modules/@types/istanbul-reports": {
      "version": "3.0.4",
      "resolved": "https://registry.npmjs.org/@types/istanbul-reports/-/istanbul-reports-3.0.4.tgz",
      "integrity": "sha512-pk2B1NWalF9toCRu6gjBzR69syFjP4Od8WRAX+0mmf9lAjCRicLOWc+ZrxZHx/0XRjotgkF9t6iaMJ+aXcOdZQ==",
      "dev": true,
      "license": "MIT",
      "dependencies": {
        "@types/istanbul-lib-report": "*"
      }
    },
    "node_modules/@types/lz-string": {
      "version": "1.5.0",
      "resolved": "https://registry.npmjs.org/@types/lz-string/-/lz-string-1.5.0.tgz",
      "integrity": "sha512-s84fKOrzqqNCAPljhVyC5TjAo6BH4jKHw9NRNFNiRUY5QSgZCmVm5XILlWbisiKl+0OcS7eWihmKGS5akc2iQw==",
      "deprecated": "This is a stub types definition. lz-string provides its own type definitions, so you do not need this installed.",
      "dev": true,
      "license": "MIT",
      "dependencies": {
        "lz-string": "*"
      }
    },
    "node_modules/@types/micromatch": {
      "version": "4.0.10",
      "resolved": "https://registry.npmjs.org/@types/micromatch/-/micromatch-4.0.10.tgz",
      "integrity": "sha512-5jOhFDElqr4DKTrTEbnW8DZ4Hz5LRUEmyrGpCMrD/NphYv3nUnaF08xmSLx1rGGnyEs/kFnhiw6dCgcDqMr5PQ==",
      "dev": true,
      "license": "MIT",
      "dependencies": {
        "@types/braces": "*"
      }
    },
    "node_modules/@types/node": {
      "version": "25.8.0",
      "resolved": "https://registry.npmjs.org/@types/node/-/node-25.8.0.tgz",
      "integrity": "sha512-TCFSk8IZh+iLX1xtksoBVtdmgL+1IX0fC9BeU4QqFSuNdN/K+HUlhqOzEmSYYpZUVsLYcPqc9KX+60iDuninSQ==",
      "dev": true,
      "license": "MIT",
      "dependencies": {
        "undici-types": ">=7.24.0 <7.24.7"
      }
    },
    "node_modules/@types/stack-utils": {
      "version": "2.0.3",
      "resolved": "https://registry.npmjs.org/@types/stack-utils/-/stack-utils-2.0.3.tgz",
      "integrity": "sha512-9aEbYZ3TbYMznPdcdr3SmIrLXwC/AKZXQeCf9Pgao5CKb8CyHuEX5jzWPTkvregvhRJHcpRO6BFoGW9ycaOkYw==",
      "dev": true,
      "license": "MIT"
    },
    "node_modules/@types/uuid": {
      "version": "11.0.0",
      "resolved": "https://registry.npmjs.org/@types/uuid/-/uuid-11.0.0.tgz",
      "integrity": "sha512-HVyk8nj2m+jcFRNazzqyVKiZezyhDKrGUA3jlEcg/nZ6Ms+qHwocba1Y/AaVaznJTAM9xpdFSh+ptbNrhOGvZA==",
      "deprecated": "This is a stub types definition. uuid provides its own type definitions, so you do not need this installed.",
      "license": "MIT",
      "dependencies": {
        "uuid": "*"
      }
    },
    "node_modules/@types/yargs": {
      "version": "17.0.35",
      "resolved": "https://registry.npmjs.org/@types/yargs/-/yargs-17.0.35.tgz",
      "integrity": "sha512-qUHkeCyQFxMXg79wQfTtfndEC+N9ZZg76HJftDJp+qH2tV7Gj4OJi7l+PiWwJ+pWtW8GwSmqsDj/oymhrTWXjg==",
      "dev": true,
      "license": "MIT",
      "dependencies": {
        "@types/yargs-parser": "*"
      }
    },
    "node_modules/@types/yargs-parser": {
      "version": "21.0.3",
      "resolved": "https://registry.npmjs.org/@types/yargs-parser/-/yargs-parser-21.0.3.tgz",
      "integrity": "sha512-I4q9QU9MQv4oEOz4tAHJtNz1cwuLxn2F3xcc2iV5WdqLPpUnj30aUuxt1mAxYTG+oe8CZMV/+6rU4S4gRDzqtQ==",
      "dev": true,
      "license": "MIT"
    },
    "node_modules/@typescript/vfs": {
      "version": "1.6.4",
      "resolved": "https://registry.npmjs.org/@typescript/vfs/-/vfs-1.6.4.tgz",
      "integrity": "sha512-PJFXFS4ZJKiJ9Qiuix6Dz/OwEIqHD7Dme1UwZhTK11vR+5dqW2ACbdndWQexBzCx+CPuMe5WBYQWCsFyGlQLlQ==",
      "license": "MIT",
      "dependencies": {
        "debug": "^4.4.3"
      },
      "peerDependencies": {
        "typescript": "*"
      }
    },
    "node_modules/ansi-styles": {
      "version": "4.3.0",
      "resolved": "https://registry.npmjs.org/ansi-styles/-/ansi-styles-4.3.0.tgz",
      "integrity": "sha512-zbB9rCJAT1rbjiVDb2hqKFHNYLxgtk8NURxZ3IZwD3F6NtxbXZQCnnSi1Lkx+IDohdPlFp222wVALIheZJQSEg==",
      "dev": true,
      "license": "MIT",
      "dependencies": {
        "color-convert": "^2.0.1"
      },
      "engines": {
        "node": ">=8"
      },
      "funding": {
        "url": "https://github.com/chalk/ansi-styles?sponsor=1"
      }
    },
    "node_modules/braces": {
      "version": "3.0.3",
      "resolved": "https://registry.npmjs.org/braces/-/braces-3.0.3.tgz",
      "integrity": "sha512-yQbXgO/OSZVD2IsiLlro+7Hf6Q18EJrKSEsdoMzKePKXct3gvD8oLcOQdIzGupr5Fj+EDe8gO/lxc1BzfMpxvA==",
      "license": "MIT",
      "dependencies": {
        "fill-range": "^7.1.1"
      },
      "engines": {
        "node": ">=8"
      }
    },
    "node_modules/chalk": {
      "version": "4.1.2",
      "resolved": "https://registry.npmjs.org/chalk/-/chalk-4.1.2.tgz",
      "integrity": "sha512-oKnbhFyRIXpUuez8iBMmyEa4nbj4IOQyuhc/wy9kY7/WVPcwIO9VA668Pu8RkO7+0G76SLROeyw9CpQ061i4mA==",
      "dev": true,
      "license": "MIT",
      "dependencies": {
        "ansi-styles": "^4.1.0",
        "supports-color": "^7.1.0"
      },
      "engines": {
        "node": ">=10"
      },
      "funding": {
        "url": "https://github.com/chalk/chalk?sponsor=1"
      }
    },
    "node_modules/ci-info": {
      "version": "4.4.0",
      "resolved": "https://registry.npmjs.org/ci-info/-/ci-info-4.4.0.tgz",
      "integrity": "sha512-77PSwercCZU2Fc4sX94eF8k8Pxte6JAwL4/ICZLFjJLqegs7kCuAsqqj/70NQF6TvDpgFjkubQB2FW2ZZddvQg==",
      "dev": true,
      "funding": [
        {
          "type": "github",
          "url": "https://github.com/sponsors/sibiraj-s"
        }
      ],
      "license": "MIT",
      "engines": {
        "node": ">=8"
      }
    },
    "node_modules/color-convert": {
      "version": "2.0.1",
      "resolved": "https://registry.npmjs.org/color-convert/-/color-convert-2.0.1.tgz",
      "integrity": "sha512-RRECPsj7iu/xb5oKYcsFHSppFNnsj/52OVTRKb4zP5onXwVF3zVmmToNcOfGC+CRDpfK/U584fMg38ZHCaElKQ==",
      "dev": true,
      "license": "MIT",
      "dependencies": {
        "color-name": "~1.1.4"
      },
      "engines": {
        "node": ">=7.0.0"
      }
    },
    "node_modules/color-name": {
      "version": "1.1.4",
      "resolved": "https://registry.npmjs.org/color-name/-/color-name-1.1.4.tgz",
      "integrity": "sha512-dOy+3AuW3a2wNbZHIuMZpTcgjGuLU/uBL/ubcZF9OXbDo8ff4O8yVp5Bf0efS8uEoYo5q4Fx7dY9OgQGXgAsQA==",
      "dev": true,
      "license": "MIT"
    },
    "node_modules/compatfactory": {
      "version": "2.0.9",
      "resolved": "https://registry.npmjs.org/compatfactory/-/compatfactory-2.0.9.tgz",
      "integrity": "sha512-fvO+AWcmbO7P1S+A3mwm3IGr74eHMeq5ZLhNhyNQc9mVDNHT4oe0Gg0ksdIFFNXLK7k7Z/TYcLAUSQdRgh1bsA==",
      "license": "MIT",
      "dependencies": {
        "helpertypes": "^0.0.19"
      },
      "engines": {
        "node": ">=14.9.0"
      },
      "peerDependencies": {
        "typescript": ">=3.x || >= 4.x"
      }
    },
    "node_modules/debug": {
      "version": "4.4.3",
      "resolved": "https://registry.npmjs.org/debug/-/debug-4.4.3.tgz",
      "integrity": "sha512-RGwwWnwQvkVfavKVt22FGLw+xYSdzARwm0ru6DhTVA3umU5hZc28V3kO4stgYryrTlLpuvgI9GiijltAjNbcqA==",
      "license": "MIT",
      "dependencies": {
        "ms": "^2.1.3"
      },
      "engines": {
        "node": ">=6.0"
      },
      "peerDependenciesMeta": {
        "supports-color": {
          "optional": true
        }
      }
    },
    "node_modules/dot-prop": {
      "version": "10.1.0",
      "resolved": "https://registry.npmjs.org/dot-prop/-/dot-prop-10.1.0.tgz",
      "integrity": "sha512-MVUtAugQMOff5RnBy2d9N31iG0lNwg1qAoAOn7pOK5wf94WIaE3My2p3uwTQuvS2AcqchkcR3bHByjaM0mmi7Q==",
      "license": "MIT",
      "dependencies": {
        "type-fest": "^5.0.0"
      },
      "engines": {
        "node": ">=20"
      },
      "funding": {
        "url": "https://github.com/sponsors/sindresorhus"
      }
    },
    "node_modules/escape-string-regexp": {
      "version": "2.0.0",
      "resolved": "https://registry.npmjs.org/escape-string-regexp/-/escape-string-regexp-2.0.0.tgz",
      "integrity": "sha512-UpzcLCXolUWcNu5HtVMHYdXJjArjsF9C0aNnquZYY4uW/Vu0miy5YoWvbV345HauVvcAUnpRuhMMcqTcGOY2+w==",
      "dev": true,
      "license": "MIT",
      "engines": {
        "node": ">=8"
      }
    },
    "node_modules/estree-walker": {
      "version": "2.0.2",
      "resolved": "https://registry.npmjs.org/estree-walker/-/estree-walker-2.0.2.tgz",
      "integrity": "sha512-Rfkk/Mp/DL7JVje3u18FxFujQlTNR2q6QfMSMB7AvCBx91NGj/ba3kCfza0f6dVDbw7YlRf/nDrn7pQrCCyQ/w==",
      "license": "MIT"
    },
    "node_modules/expect": {
      "version": "30.4.1",
      "resolved": "https://registry.npmjs.org/expect/-/expect-30.4.1.tgz",
      "integrity": "sha512-PMARsyh/JtqC20HoGqlFcIlQAyqUtW4PlI1rup1uhYJtKuwAjbvWi3GQMAn+STdHum/dk8xrKfUM1+5SAwpolA==",
      "dev": true,
      "license": "MIT",
      "dependencies": {
        "@jest/expect-utils": "30.4.1",
        "@jest/get-type": "30.1.0",
        "jest-matcher-utils": "30.4.1",
        "jest-message-util": "30.4.1",
        "jest-mock": "30.4.1",
        "jest-util": "30.4.1"
      },
      "engines": {
        "node": "^18.14.0 || ^20.0.0 || ^22.0.0 || >=24.0.0"
      }
    },
    "node_modules/fill-range": {
      "version": "7.1.1",
      "resolved": "https://registry.npmjs.org/fill-range/-/fill-range-7.1.1.tgz",
      "integrity": "sha512-YsGpe3WHLK8ZYi4tWDg2Jy3ebRz2rXowDxnld4bkQB00cc/1Zw9AWnC0i9ztDJitivtQvaI9KaLyKrc+hBW0yg==",
      "license": "MIT",
      "dependencies": {
        "to-regex-range": "^5.0.1"
      },
      "engines": {
        "node": ">=8"
      }
    },
    "node_modules/get-tsconfig": {
      "version": "4.14.0",
      "resolved": "https://registry.npmjs.org/get-tsconfig/-/get-tsconfig-4.14.0.tgz",
      "integrity": "sha512-yTb+8DXzDREzgvYmh6s9vHsSVCHeC0G3PI5bEXNBHtmshPnO+S5O7qgLEOn0I5QvMy6kpZN8K1NKGyilLb93wA==",
      "license": "MIT",
      "dependencies": {
        "resolve-pkg-maps": "^1.0.0"
      },
      "funding": {
        "url": "https://github.com/privatenumber/get-tsconfig?sponsor=1"
      }
    },
    "node_modules/graceful-fs": {
      "version": "4.2.11",
      "resolved": "https://registry.npmjs.org/graceful-fs/-/graceful-fs-4.2.11.tgz",
      "integrity": "sha512-RbJ5/jmFcNNCcDV5o9eTnBLJ/HszWV0P73bc+Ff4nS/rJj+YaS6IGyiOL0VoBYX+l1Wrl3k63h/KrH+nhJ0XvQ==",
      "dev": true,
      "license": "ISC"
    },
    "node_modules/has-flag": {
      "version": "4.0.0",
      "resolved": "https://registry.npmjs.org/has-flag/-/has-flag-4.0.0.tgz",
      "integrity": "sha512-EykJT/Q1KjTWctppgIAgfSO0tKVuZUjhgMr17kqTumMl6Afv3EISleU7qZUzoXDFTAHTDC4NOoG/ZxU3EvlMPQ==",
      "dev": true,
      "license": "MIT",
      "engines": {
        "node": ">=8"
      }
    },
    "node_modules/helpertypes": {
      "version": "0.0.19",
      "resolved": "https://registry.npmjs.org/helpertypes/-/helpertypes-0.0.19.tgz",
      "integrity": "sha512-J00e55zffgi3yVnUp0UdbMztNkr2PnizEkOe9URNohnrNhW5X0QpegkuLpOmFQInpi93Nb8MCjQRHAiCDF42NQ==",
      "license": "MIT",
      "engines": {
        "node": ">=10.0.0"
      }
    },
    "node_modules/is-number": {
      "version": "7.0.0",
      "resolved": "https://registry.npmjs.org/is-number/-/is-number-7.0.0.tgz",
      "integrity": "sha512-41Cifkg6e8TylSpdtTpeLVMqvSBEVzTttHvERD741+pnZ8ANv0004MRL43QKPDlK9cGvNp6NZWZUBlbGXYxxng==",
      "license": "MIT",
      "engines": {
        "node": ">=0.12.0"
      }
    },
    "node_modules/jest-diff": {
      "version": "30.4.1",
      "resolved": "https://registry.npmjs.org/jest-diff/-/jest-diff-30.4.1.tgz",
      "integrity": "sha512-CRpFK0RtLriVDGcPPAnR6HMVI8bSR2jnUIgralhauzYQZIb4RH9AtEInTuQr65LmmGggGcRT6HIASxwqsVsmlA==",
      "dev": true,
      "license": "MIT",
      "dependencies": {
        "@jest/diff-sequences": "30.4.0",
        "@jest/get-type": "30.1.0",
        "chalk": "^4.1.2",
        "pretty-format": "30.4.1"
      },
      "engines": {
        "node": "^18.14.0 || ^20.0.0 || ^22.0.0 || >=24.0.0"
      }
    },
    "node_modules/jest-matcher-utils": {
      "version": "30.4.1",
      "resolved": "https://registry.npmjs.org/jest-matcher-utils/-/jest-matcher-utils-30.4.1.tgz",
      "integrity": "sha512-zvYfX5CaeEkFrrLS9suWe9rvJrm9J1Iv3ua8kIBv9GEPzcnsfBf0bob37la7s67fs0nlBC3EuvkOLnXQKxtx4A==",
      "dev": true,
      "license": "MIT",
      "dependencies": {
        "@jest/get-type": "30.1.0",
        "chalk": "^4.1.2",
        "jest-diff": "30.4.1",
        "pretty-format": "30.4.1"
      },
      "engines": {
        "node": "^18.14.0 || ^20.0.0 || ^22.0.0 || >=24.0.0"
      }
    },
    "node_modules/jest-message-util": {
      "version": "30.4.1",
      "resolved": "https://registry.npmjs.org/jest-message-util/-/jest-message-util-30.4.1.tgz",
      "integrity": "sha512-kwCKIvq0MCW1HzLoGola9Te6JUdzgV0loyKJ3Qghrkz9i5/RRIHsL95BMQc2HBBhlBKC4j22K9p11TGHH8RBpQ==",
      "dev": true,
      "license": "MIT",
      "dependencies": {
        "@babel/code-frame": "^7.27.1",
        "@jest/types": "30.4.1",
        "@types/stack-utils": "^2.0.3",
        "chalk": "^4.1.2",
        "graceful-fs": "^4.2.11",
        "jest-util": "30.4.1",
        "picomatch": "^4.0.3",
        "pretty-format": "30.4.1",
        "slash": "^3.0.0",
        "stack-utils": "^2.0.6"
      },
      "engines": {
        "node": "^18.14.0 || ^20.0.0 || ^22.0.0 || >=24.0.0"
      }
    },
    "node_modules/jest-mock": {
      "version": "30.4.1",
      "resolved": "https://registry.npmjs.org/jest-mock/-/jest-mock-30.4.1.tgz",
      "integrity": "sha512-/i8SVb8/NSB7RfNi8gfqu8gxLV23KaL5EpAttyb9iz8qWRIqXRLflycz/32wXsYkOnaUlx8NAKnJYtpsmXUmfw==",
      "dev": true,
      "license": "MIT",
      "dependencies": {
        "@jest/types": "30.4.1",
        "@types/node": "*",
        "jest-util": "30.4.1"
      },
      "engines": {
        "node": "^18.14.0 || ^20.0.0 || ^22.0.0 || >=24.0.0"
      }
    },
    "node_modules/jest-regex-util": {
      "version": "30.4.0",
      "resolved": "https://registry.npmjs.org/jest-regex-util/-/jest-regex-util-30.4.0.tgz",
      "integrity": "sha512-mWlvLviKIgIQ8VCuM1xRdD0TWp3zlzionlmDBjuXVBs+VkmXq6FgW9T4Emr7oGz/Rk6feDCGyiugolcQEyp3mg==",
      "dev": true,
      "license": "MIT",
      "engines": {
        "node": "^18.14.0 || ^20.0.0 || ^22.0.0 || >=24.0.0"
      }
    },
    "node_modules/jest-util": {
      "version": "30.4.1",
      "resolved": "https://registry.npmjs.org/jest-util/-/jest-util-30.4.1.tgz",
      "integrity": "sha512-vjQb1sACEiv13DKJMDToJpzVW0joCsIQrmbg0fi7CyOOt+g9jTuQl2A216pWRBYhOVt53XbL/2LbMKg1BECWOw==",
      "dev": true,
      "license": "MIT",
      "dependencies": {
        "@jest/types": "30.4.1",
        "@types/node": "*",
        "chalk": "^4.1.2",
        "ci-info": "^4.2.0",
        "graceful-fs": "^4.2.11",
        "picomatch": "^4.0.3"
      },
      "engines": {
        "node": "^18.14.0 || ^20.0.0 || ^22.0.0 || >=24.0.0"
      }
    },
    "node_modules/js-tokens": {
      "version": "4.0.0",
      "resolved": "https://registry.npmjs.org/js-tokens/-/js-tokens-4.0.0.tgz",
      "integrity": "sha512-RdJUflcE3cUzKiMqQgsCu06FPu9UdIJO0beYbPhHN4k6apgJtifcoCtT9bcxOpYBtpD2kCM6Sbzg4CausW/PKQ==",
      "dev": true,
      "license": "MIT"
    },
    "node_modules/lz-string": {
      "version": "1.5.0",
      "resolved": "https://registry.npmjs.org/lz-string/-/lz-string-1.5.0.tgz",
      "integrity": "sha512-h5bgJWpxJNswbU7qCrV0tIKQCaS3blPDrqKWx+QxzuzL1zGUzij9XCWLrSLsJPu5t+eWA/ycetzYAO5IOMcWAQ==",
      "license": "MIT",
      "bin": {
        "lz-string": "bin/bin.js"
      }
    },
    "node_modules/micromatch": {
      "version": "4.0.8",
      "resolved": "https://registry.npmjs.org/micromatch/-/micromatch-4.0.8.tgz",
      "integrity": "sha512-PXwfBhYu0hBCPw8Dn0E+WDYb7af3dSLVWKi3HGv84IdF4TyFoC0ysxFd0Goxw7nSv4T/PzEJQxsYsEiFCKo2BA==",
      "license": "MIT",
      "dependencies": {
        "braces": "^3.0.3",
        "picomatch": "^2.3.1"
      },
      "engines": {
        "node": ">=8.6"
      }
    },
    "node_modules/micromatch/node_modules/picomatch": {
      "version": "2.3.2",
      "resolved": "https://registry.npmjs.org/picomatch/-/picomatch-2.3.2.tgz",
      "integrity": "sha512-V7+vQEJ06Z+c5tSye8S+nHUfI51xoXIXjHQ99cQtKUkQqqO1kO/KCJUfZXuB47h/YBlDhah2H3hdUGXn8ie0oA==",
      "license": "MIT",
      "engines": {
        "node": ">=8.6"
      },
      "funding": {
        "url": "https://github.com/sponsors/jonschlinkert"
      }
    },
    "node_modules/ms": {
      "version": "2.1.3",
      "resolved": "https://registry.npmjs.org/ms/-/ms-2.1.3.tgz",
      "integrity": "sha512-6FlzubTLZG3J2a/NVCAleEhjzq5oxgHyaCU9yYXvcLsvoVaHJq/s5xXI6/XXP6tz7R9xAOtHnSO/tXtF3WRTlA==",
      "license": "MIT"
    },
    "node_modules/picocolors": {
      "version": "1.1.1",
      "resolved": "https://registry.npmjs.org/picocolors/-/picocolors-1.1.1.tgz",
      "integrity": "sha512-xceH2snhtb5M9liqDsmEw56le376mTZkEX/jEb/RxNFyegNul7eNslCXP9FDj/Lcu0X8KEyMceP2ntpaHrDEVA==",
      "dev": true,
      "license": "ISC"
    },
    "node_modules/picomatch": {
      "version": "4.0.4",
      "resolved": "https://registry.npmjs.org/picomatch/-/picomatch-4.0.4.tgz",
      "integrity": "sha512-QP88BAKvMam/3NxH6vj2o21R6MjxZUAd6nlwAS/pnGvN9IVLocLHxGYIzFhg6fUQ+5th6P4dv4eW9jX3DSIj7A==",
      "license": "MIT",
      "engines": {
        "node": ">=12"
      },
      "funding": {
        "url": "https://github.com/sponsors/jonschlinkert"
      }
    },
    "node_modules/pretty-format": {
      "version": "30.4.1",
      "resolved": "https://registry.npmjs.org/pretty-format/-/pretty-format-30.4.1.tgz",
      "integrity": "sha512-K6KiKMHTL4jjX4u3Kir2EW07nRfcqVTXIImx50wbjHQTcZPgg+gjVeNTIT3l3L1Rd4UefxfogquC9J37SoFyyw==",
      "dev": true,
      "license": "MIT",
      "dependencies": {
        "@jest/schemas": "30.4.1",
        "ansi-styles": "^5.2.0",
        "react-is-18": "npm:react-is@^18.3.1",
        "react-is-19": "npm:react-is@^19.2.5"
      },
      "engines": {
        "node": "^18.14.0 || ^20.0.0 || ^22.0.0 || >=24.0.0"
      }
    },
    "node_modules/pretty-format/node_modules/ansi-styles": {
      "version": "5.2.0",
      "resolved": "https://registry.npmjs.org/ansi-styles/-/ansi-styles-5.2.0.tgz",
      "integrity": "sha512-Cxwpt2SfTzTtXcfOlzGEee8O+c+MmUgGrNiBcXnuWxuFJHe6a5Hz7qwhwe5OgaSYI0IJvkLqWX1ASG+cJOkEiA==",
      "dev": true,
      "license": "MIT",
      "engines": {
        "node": ">=10"
      },
      "funding": {
        "url": "https://github.com/chalk/ansi-styles?sponsor=1"
      }
    },
    "node_modules/react-is-18": {
      "name": "react-is",
      "version": "18.3.1",
      "resolved": "https://registry.npmjs.org/react-is/-/react-is-18.3.1.tgz",
      "integrity": "sha512-/LLMVyas0ljjAtoYiPqYiL8VWXzUUdThrmU5+n20DZv+a+ClRoevUzw5JxU+Ieh5/c87ytoTBV9G1FiKfNJdmg==",
      "dev": true,
      "license": "MIT"
    },
    "node_modules/react-is-19": {
      "name": "react-is",
      "version": "19.2.6",
      "resolved": "https://registry.npmjs.org/react-is/-/react-is-19.2.6.tgz",
      "integrity": "sha512-XjBR15BhXuylgWGuslhDKqlSayuqvqBX91BP8pauG8kd1zY8kotkNWbXksTCNRarse4kuGbe2kIY05ARtwNIvw==",
      "dev": true,
      "license": "MIT"
    },
    "node_modules/resolve-pkg-maps": {
      "version": "1.0.0",
      "resolved": "https://registry.npmjs.org/resolve-pkg-maps/-/resolve-pkg-maps-1.0.0.tgz",
      "integrity": "sha512-seS2Tj26TBVOC2NIc2rOe2y2ZO7efxITtLZcGSOnHHNOQ7CkiUBfw0Iw2ck6xkIhPwLhKNLS8BO+hEpngQlqzw==",
      "license": "MIT",
      "funding": {
        "url": "https://github.com/privatenumber/resolve-pkg-maps?sponsor=1"
      }
    },
    "node_modules/slash": {
      "version": "3.0.0",
      "resolved": "https://registry.npmjs.org/slash/-/slash-3.0.0.tgz",
      "integrity": "sha512-g9Q1haeby36OSStwb4ntCGGGaKsaVSjQ68fBxoQcutl5fS1vuY18H3wSt3jFyFtrkx+Kz0V1G85A4MyAdDMi2Q==",
      "dev": true,
      "license": "MIT",
      "engines": {
        "node": ">=8"
      }
    },
    "node_modules/stack-utils": {
      "version": "2.0.6",
      "resolved": "https://registry.npmjs.org/stack-utils/-/stack-utils-2.0.6.tgz",
      "integrity": "sha512-XlkWvfIm6RmsWtNJx+uqtKLS8eqFbxUg0ZzLXqY0caEy9l7hruX8IpiDnjsLavoBgqCCR71TqWO8MaXYheJ3RQ==",
      "dev": true,
      "license": "MIT",
      "dependencies": {
        "escape-string-regexp": "^2.0.0"
      },
      "engines": {
        "node": ">=10"
      }
    },
    "node_modules/strip-json-comments": {
      "version": "5.0.3",
      "resolved": "https://registry.npmjs.org/strip-json-comments/-/strip-json-comments-5.0.3.tgz",
      "integrity": "sha512-1tB5mhVo7U+ETBKNf92xT4hrQa3pm0MZ0PQvuDnWgAAGHDsfp4lPSpiS6psrSiet87wyGPh9ft6wmhOMQ0hDiw==",
      "license": "MIT",
      "engines": {
        "node": ">=14.16"
      },
      "funding": {
        "url": "https://github.com/sponsors/sindresorhus"
      }
    },
    "node_modules/supports-color": {
      "version": "7.2.0",
      "resolved": "https://registry.npmjs.org/supports-color/-/supports-color-7.2.0.tgz",
      "integrity": "sha512-qpCAvRl9stuOHveKsn7HncJRvv501qIacKzQlO/+Lwxc9+0q2wLyv4Dfvt80/DPn2pqOBsJdDiogXGR9+OvwRw==",
      "dev": true,
      "license": "MIT",
      "dependencies": {
        "has-flag": "^4.0.0"
      },
      "engines": {
        "node": ">=8"
      }
    },
    "node_modules/tagged-tag": {
      "version": "1.0.0",
      "resolved": "https://registry.npmjs.org/tagged-tag/-/tagged-tag-1.0.0.tgz",
      "integrity": "sha512-yEFYrVhod+hdNyx7g5Bnkkb0G6si8HJurOoOEgC8B/O0uXLHlaey/65KRv6cuWBNhBgHKAROVpc7QyYqE5gFng==",
      "license": "MIT",
      "engines": {
        "node": ">=20"
      },
      "funding": {
        "url": "https://github.com/sponsors/sindresorhus"
      }
    },
    "node_modules/to-fast-properties": {
      "version": "4.0.0",
      "resolved": "https://registry.npmjs.org/to-fast-properties/-/to-fast-properties-4.0.0.tgz",
      "integrity": "sha512-y4PM/CFhbderIl3OTBsHbdrh+pTCiv4pNlrPNlEUQCRxZc1o41fJDG7YNDunH2LVERQ4pR0n3G/yIKjxv8fgJw==",
      "license": "MIT",
      "engines": {
        "node": ">=12.20"
      },
      "funding": {
        "url": "https://github.com/sponsors/sindresorhus"
      }
    },
    "node_modules/to-regex-range": {
      "version": "5.0.1",
      "resolved": "https://registry.npmjs.org/to-regex-range/-/to-regex-range-5.0.1.tgz",
      "integrity": "sha512-65P7iz6X5yEr1cwcgvQxbbIw7Uk3gOy5dIdtZ4rDveLqhrdJP+Li/Hx6tyK0NEb+2GCyneCMJiGqrADCSNk8sQ==",
      "license": "MIT",
      "dependencies": {
        "is-number": "^7.0.0"
      },
      "engines": {
        "node": ">=8.0"
      }
    },
    "node_modules/type-fest": {
      "version": "5.6.0",
      "resolved": "https://registry.npmjs.org/type-fest/-/type-fest-5.6.0.tgz",
      "integrity": "sha512-8ZiHFm91orbSAe2PSAiSVBVko18pbhbiB3U9GglSzF/zCGkR+rxpHx6sEMCUm4kxY4LjDIUGgCfUMtwfZfjfUA==",
      "license": "(MIT OR CC0-1.0)",
      "dependencies": {
        "tagged-tag": "^1.0.0"
      },
      "engines": {
        "node": ">=20"
      },
      "funding": {
        "url": "https://github.com/sponsors/sindresorhus"
      }
    },
    "node_modules/typescript": {
      "version": "6.0.3",
      "resolved": "https://registry.npmjs.org/typescript/-/typescript-6.0.3.tgz",
      "integrity": "sha512-y2TvuxSZPDyQakkFRPZHKFm+KKVqIisdg9/CZwm9ftvKXLP8NRWj38/ODjNbr43SsoXqNuAisEf1GdCxqWcdBw==",
      "dev": true,
      "license": "Apache-2.0",
      "bin": {
        "tsc": "bin/tsc",
        "tsserver": "bin/tsserver"
      },
      "engines": {
        "node": ">=14.17"
      }
    },
    "node_modules/undici-types": {
      "version": "7.24.6",
      "resolved": "https://registry.npmjs.org/undici-types/-/undici-types-7.24.6.tgz",
      "integrity": "sha512-WRNW+sJgj5OBN4/0JpHFqtqzhpbnV0GuB+OozA9gCL7a993SmU+1JBZCzLNxYsbMfIeDL+lTsphD5jN5N+n0zg==",
      "dev": true,
      "license": "MIT"
    },
    "node_modules/uuid": {
      "version": "14.0.0",
      "resolved": "https://registry.npmjs.org/uuid/-/uuid-14.0.0.tgz",
      "integrity": "sha512-Qo+uWgilfSmAhXCMav1uYFynlQO7fMFiMVZsQqZRMIXp0O7rR7qjkj+cPvBHLgBqi960QCoo/PH2/6ZtVqKvrg==",
      "funding": [
        "https://github.com/sponsors/broofa",
        "https://github.com/sponsors/ctavan"
      ],
      "license": "MIT",
      "bin": {
        "uuid": "dist-node/bin/uuid"
      }
    },
    "packages/bench": {
      "name": "@deepkit/bench",
      "version": "1.0.19",
      "license": "MIT"
    },
    "packages/core": {
      "name": "@deepkit/core",
      "version": "1.0.19",
      "license": "MIT",
      "dependencies": {
        "dot-prop": "^10.1.0",
        "to-fast-properties": "^4.0.0"
      },
      "devDependencies": {
        "@deepkit/bench": "^1.0.19",
        "@types/dot-prop": "~5.0.4"
      }
    },
    "packages/type": {
      "name": "@deepkit/type",
      "version": "1.0.19",
      "license": "MIT",
      "dependencies": {
        "@deepkit/type-spec": "^1.0.19",
        "@types/uuid": "^11.0.0",
        "uuid": "^14.0.0"
      },
      "devDependencies": {
        "@deepkit/core": "^1.0.19",
        "@deepkit/type-compiler": "^1.0.19",
        "@types/lz-string": "^1.5.0",
        "@types/node": "^25.8.0",
        "@typescript/vfs": "^1.6.4",
        "lz-string": "^1.5.0"
      },
      "peerDependencies": {
        "@deepkit/core": "^1.0.1"
      }
    },
    "packages/type-compiler": {
      "name": "@deepkit/type-compiler",
      "version": "1.0.19",
      "hasInstallScript": true,
      "license": "MIT",
      "dependencies": {
        "@deepkit/type-spec": "^1.0.19",
        "@marcj/ts-clone-node": "^2.2.0",
        "@rollup/pluginutils": "^5.3.0",
        "@typescript/vfs": "1.6.4",
        "get-tsconfig": "^4.14.0",
        "lz-string": "^1.5.0",
        "micromatch": "^4.0.8",
        "strip-json-comments": "^5.0.3"
      },
      "bin": {
        "deepkit-compiler-debug": "deepkit-compiler-debug.js",
        "deepkit-type-install": "deepkit-type-install.js"
      },
      "devDependencies": {
        "@types/lz-string": "^1.5.0",
        "@types/micromatch": "^4.0.10"
      },
      "peerDependencies": {
        "typescript": "*"
      }
    },
    "packages/type-spec": {
      "name": "@deepkit/type-spec",
      "version": "1.0.19",
      "license": "MIT"
    }
  }
}
